
Microsoft Visual Studio Solution File, Format Version 12.00
# Visual Studio 15
VisualStudioVersion = 15.0.27130.2027
MinimumVisualStudioVersion = 10.0.40219.1
Project("{FAE04EC0-301F-11D3-BF4B-00C04F79EFBC}") = "GZipTest", "GZipTest\GZipTest.csproj", "{4C4B2955-2288-4089-917F-0FEA84EBEA66}"
EndProject
Global
	GlobalSection(SolutionConfigurationPlatforms) = preSolution
		Debug|Any CPU = Debug|Any CPU
		Release|Any CPU = Release|Any CPU
	EndGlobalSection
	GlobalSection(ProjectConfigurationPlatforms) = postSolution
		{4C4B2955-2288-4089-917F-0FEA84EBEA66}.Debug|Any CPU.ActiveCfg = Debug|Any CPU
		{4C4B2955-2288-4089-917F-0FEA84EBEA66}.Debug|Any CPU.Build.0 = Debug|Any CPU
		{4C4B2955-2288-4089-917F-0FEA84EBEA66}.Release|Any CPU.ActiveCfg = Release|Any CPU
		{4C4B2955-2288-4089-917F-0FEA84EBEA66}.Release|Any CPU.Build.0 = Release|Any CPU
	EndGlobalSection
	GlobalSection(SolutionProperties) = preSolution
		HideSolutionNode = FALSE
	EndGlobalSection
	GlobalSection(ExtensibilityGlobals) = postSolution
		SolutionGuid = {F20224AA-0F4B-4FBA-9D9A-ECEB48D0F726}
	EndGlobalSection
EndGlobal
